
Microsoft Visual Studio Solution File, Format Version 12.00
# Visual Studio Version 17
VisualStudioVersion = 17.3.32901.215
MinimumVisualStudioVersion = 10.0.40219.1
Project("{9A19103F-16F7-4668-BE54-9A1E7A4F7556}") = "Attendance.Management.Api", "Attendance.Management.Api\Attendance.Management.Api.csproj", "{157BC20A-502C-4A44-B846-E2AE8FDCE027}"
EndProject
Project("{9A19103F-16F7-4668-BE54-9A1E7A4F7556}") = "Attendance.Management.Common", "Attendance.Management.Common\Attendance.Management.Common.csproj", "{16589627-AA29-439E-B4C0-2F361B87CE51}"
EndProject
Project("{FAE04EC0-301F-11D3-BF4B-00C04F79EFBC}") = "Attendance.Management.Data", "Attendance.Management.Data\Attendance.Management.Data.csproj", "{C401B7F2-B3CE-4EEF-BAD2-E3992919949D}"
EndProject
Global
	GlobalSection(SolutionConfigurationPlatforms) = preSolution
		Debug|Any CPU = Debug|Any CPU
		Release|Any CPU = Release|Any CPU
	EndGlobalSection
	GlobalSection(ProjectConfigurationPlatforms) = postSolution
		{157BC20A-502C-4A44-B846-E2AE8FDCE027}.Debug|Any CPU.ActiveCfg = Debug|Any CPU
		{157BC20A-502C-4A44-B846-E2AE8FDCE027}.Debug|Any CPU.Build.0 = Debug|Any CPU
		{157BC20A-502C-4A44-B846-E2AE8FDCE027}.Release|Any CPU.ActiveCfg = Release|Any CPU
		{157BC20A-502C-4A44-B846-E2AE8FDCE027}.Release|Any CPU.Build.0 = Release|Any CPU
		{16589627-AA29-439E-B4C0-2F361B87CE51}.Debug|Any CPU.ActiveCfg = Debug|Any CPU
		{16589627-AA29-439E-B4C0-2F361B87CE51}.Debug|Any CPU.Build.0 = Debug|Any CPU
		{16589627-AA29-439E-B4C0-2F361B87CE51}.Release|Any CPU.ActiveCfg = Release|Any CPU
		{16589627-AA29-439E-B4C0-2F361B87CE51}.Release|Any CPU.Build.0 = Release|Any CPU
		{C401B7F2-B3CE-4EEF-BAD2-E3992919949D}.Debug|Any CPU.ActiveCfg = Debug|Any CPU
		{C401B7F2-B3CE-4EEF-BAD2-E3992919949D}.Debug|Any CPU.Build.0 = Debug|Any CPU
		{C401B7F2-B3CE-4EEF-BAD2-E3992919949D}.Release|Any CPU.ActiveCfg = Release|Any CPU
		{C401B7F2-B3CE-4EEF-BAD2-E3992919949D}.Release|Any CPU.Build.0 = Release|Any CPU
	EndGlobalSection
	GlobalSection(SolutionProperties) = preSolution
		HideSolutionNode = FALSE
	EndGlobalSection
	GlobalSection(ExtensibilityGlobals) = postSolution
		SolutionGuid = {561C94F6-82D6-4550-A4E3-8D329DAF51E6}
	EndGlobalSection
EndGlobal
